// !$*UTF8*$!
{
	archiveVersion = 1;
	classes = {
	};
	objectVersion = 48;
	objects = {

/* Begin PBXBuildFile section */
		221FAFCF2100DF7F0017205B /* AppDelegate.swift in Sources */ = {isa = PBXBuildFile; fileRef = 221FAFCE2100DF7F0017205B /* AppDelegate.swift */; };
		221FAFD12100DF7F0017205B /* ViewController.swift in Sources */ = {isa = PBXBuildFile; fileRef = 221FAFD02100DF7F0017205B /* ViewController.swift */; };
		221FAFD42100DF7F0017205B /* Main.storyboard in Resources */ = {isa = PBXBuildFile; fileRef = 221FAFD22100DF7F0017205B /* Main.storyboard */; };
		221FAFD62100DF7F0017205B /* Assets.xcassets in Resources */ = {isa = PBXBuildFile; fileRef = 221FAFD52100DF7F0017205B /* Assets.xcassets */; };
		221FAFD92100DF7F0017205B /* LaunchScreen.storyboard in Resources */ = {isa = PBXBuildFile; fileRef = 221FAFD72100DF7F0017205B /* LaunchScreen.storyboard */; };
		221FAFE42100DF7F0017205B /* SearchImageSwiftTests.swift in Sources */ = {isa = PBXBuildFile; fileRef = 221FAFE32100DF7F0017205B /* SearchImageSwiftTests.swift */; };
		221FAFEF2100DF7F0017205B /* SearchImageSwiftUITests.swift in Sources */ = {isa = PBXBuildFile; fileRef = 221FAFEE2100DF7F0017205B /* SearchImageSwiftUITests.swift */; };
/* End PBXBuildFile section */

/* Begin PBXContainerItemProxy section */
		221FAFE02100DF7F0017205B /* PBXContainerItemProxy */ = {
			isa = PBXContainerItemProxy;
			containerPortal = 221FAFC32100DF7F0017205B /* Project object */;
			proxyType = 1;
			remoteGlobalIDString = 221FAFCA2100DF7F0017205B;
			remoteInfo = SearchImageSwift;
		};
		221FAFEB2100DF7F0017205B /* PBXContainerItemProxy */ = {
			isa = PBXContainerItemProxy;
			containerPortal = 221FAFC32100DF7F0017205B /* Project object */;
			proxyType = 1;
			remoteGlobalIDString = 221FAFCA2100DF7F0017205B;
			remoteInfo = SearchImageSwift;
		};
/* End PBXContainerItemProxy section */

/* Begin PBXFileReference section */
		221FAFCB2100DF7F0017205B /* SearchImageSwift.app */ = {isa = PBXFileReference; explicitFileType = wrapper.application; includeInIndex = 0; path = SearchImageSwift.app; sourceTree = BUILT_PRODUCTS_DIR; };
		221FAFCE2100DF7F0017205B /* AppDelegate.swift */ = {isa = PBXFileReference; lastKnownFileType = sourcecode.swift; path = AppDelegate.swift; sourceTree = "<group>"; };
		221FAFD02100DF7F0017205B /* ViewController.swift */ = {isa = PBXFileReference; lastKnownFileType = sourcecode.swift; path = ViewController.swift; sourceTree = "<group>"; };
		221FAFD32100DF7F0017205B /* Base */ = {isa = PBXFileReference; lastKnownFileType = file.storyboard; name = Base; path = Base.lproj/Main.storyboard; sourceTree = "<group>"; };
		221FAFD52100DF7F0017205B /* Assets.xcassets */ = {isa = PBXFileReference; lastKnownFileType = folder.assetcatalog; path = Assets.xcassets; sourceTree = "<group>"; };
		221FAFD82100DF7F0017205B /* Base */ = {isa = PBXFileReference; lastKnownFileType = file.storyboard; name = Base; path = Base.lproj/LaunchScreen.storyboard; sourceTree = "<group>"; };
		221FAFDA2100DF7F0017205B /* Info.plist */ = {isa = PBXFileReference; lastKnownFileType = text.plist.xml; path = Info.plist; sourceTree = "<group>"; };
		221FAFDF2100DF7F0017205B /* SearchImageSwiftTests.xctest */ = {isa = PBXFileReference; explicitFileType = wrapper.cfbundle; includeInIndex = 0; path = SearchImageSwiftTests.xctest; sourceTree = BUILT_PRODUCTS_DIR; };
		221FAFE32100DF7F0017205B /* SearchImageSwiftTests.swift */ = {isa = PBXFileReference; lastKnownFileType = sourcecode.swift; path = SearchImageSwiftTests.swift; sourceTree = "<group>"; };
		221FAFE52100DF7F0017205B /* Info.plist */ = {isa = PBXFileReference; lastKnownFileType = text.plist.xml; path = Info.plist; sourceTree = "<group>"; };
		221FAFEA2100DF7F0017205B /* SearchImageSwiftUITests.xctest */ = {isa = PBXFileReference; explicitFileType = wrapper.cfbundle; includeInIndex = 0; path = SearchImageSwiftUITests.xctest; sourceTree = BUILT_PRODUCTS_DIR; };
		221FAFEE2100DF7F0017205B /* SearchImageSwiftUITests.swift */ = {isa = PBXFileReference; lastKnownFileType = sourcecode.swift; path = SearchImageSwiftUITests.swift; sourceTree = "<group>"; };
		221FAFF02100DF7F0017205B /* Info.plist */ = {isa = PBXFileReference; lastKnownFileType = text.plist.xml; path = Info.plist; sourceTree = "<group>"; };
/* End PBXFileReference section */

/* Begin PBXFrameworksBuildPhase section */
		221FAFC82100DF7F0017205B /* Frameworks */ = {
			isa = PBXFrameworksBuildPhase;
			buildActionMask = 2147483647;
			files = (
			);
			runOnlyForDeploymentPostprocessing = 0;
		};
		221FAFDC2100DF7F0017205B /* Frameworks */ = {
			isa = PBXFrameworksBuildPhase;
			buildActionMask = 2147483647;
			files = (
			);
			runOnlyForDeploymentPostprocessing = 0;
		};
		221FAFE72100DF7F0017205B /* Frameworks */ = {
			isa = PBXFrameworksBuildPhase;
			buildActionMask = 2147483647;
			files = (
			);
			runOnlyForDeploymentPostprocessing = 0;
		};
/* End PBXFrameworksBuildPhase section */

/* Begin PBXGroup section */
		221FAFC22100DF7F0017205B = {
			isa = PBXGroup;
			children = (
				221FAFCD2100DF7F0017205B /* SearchImageSwift */,
				221FAFE22100DF7F0017205B /* SearchImageSwiftTests */,
				221FAFED2100DF7F0017205B /* SearchImageSwiftUITests */,
				221FAFCC2100DF7F0017205B /* Products */,
			);
			sourceTree = "<group>";
		};
		221FAFCC2100DF7F0017205B /* Products */ = {
			isa = PBXGroup;
			children = (
				221FAFCB2100DF7F0017205B /* SearchImageSwift.app */,
				221FAFDF2100DF7F0017205B /* SearchImageSwiftTests.xctest */,
				221FAFEA2100DF7F0017205B /* SearchImageSwiftUITests.xctest */,
			);
			name = Products;
			sourceTree = "<group>";
		};
		221FAFCD2100DF7F0017205B /* SearchImageSwift */ = {
			isa = PBXGroup;
			children = (
				221FAFCE2100DF7F0017205B /* AppDelegate.swift */,
				221FAFD02100DF7F0017205B /* ViewController.swift */,
				221FAFD22100DF7F0017205B /* Main.storyboard */,
				221FAFD52100DF7F0017205B /* Assets.xcassets */,
				221FAFD72100DF7F0017205B /* LaunchScreen.storyboard */,
				221FAFDA2100DF7F0017205B /* Info.plist */,
			);
			path = SearchImageSwift;
			sourceTree = "<group>";
		};
		221FAFE22100DF7F0017205B /* SearchImageSwiftTests */ = {
			isa = PBXGroup;
			children = (
				221FAFE32100DF7F0017205B /* SearchImageSwiftTests.swift */,
				221FAFE52100DF7F0017205B /* Info.plist */,
			);
			path = SearchImageSwiftTests;
			sourceTree = "<group>";
		};
		221FAFED2100DF7F0017205B /* SearchImageSwiftUITests */ = {
			isa = PBXGroup;
			children = (
				221FAFEE2100DF7F0017205B /* SearchImageSwiftUITests.swift */,
				221FAFF02100DF7F0017205B /* Info.plist */,
			);
			path = SearchImageSwiftUITests;
			sourceTree = "<group>";
		};
/* End PBXGroup section */

/* Begin PBXNativeTarget section */
		221FAFCA2100DF7F0017205B /* SearchImageSwift */ = {
			isa = PBXNativeTarget;
			buildConfigurationList = 221FAFF32100DF7F0017205B /* Build configuration list for PBXNativeTarget "SearchImageSwift" */;
			buildPhases = (
				221FAFC72100DF7F0017205B /* Sources */,
				221FAFC82100DF7F0017205B /* Frameworks */,
				221FAFC92100DF7F0017205B /* Resources */,
			);
			buildRules = (
			);
			dependencies = (
			);
			name = SearchImageSwift;
			productName = SearchImageSwift;
			productReference = 221FAFCB2100DF7F0017205B /* SearchImageSwift.app */;
			productType = "com.apple.product-type.application";
		};
		221FAFDE2100DF7F0017205B /* SearchImageSwiftTests */ = {
			isa = PBXNativeTarget;
			buildConfigurationList = 221FAFF62100DF7F0017205B /* Build configuration list for PBXNativeTarget "SearchImageSwiftTests" */;
			buildPhases = (
				221FAFDB2100DF7F0017205B /* Sources */,
				221FAFDC2100DF7F0017205B /* Frameworks */,
				221FAFDD2100DF7F0017205B /* Resources */,
			);
			buildRules = (
			);
			dependencies = (
				221FAFE12100DF7F0017205B /* PBXTargetDependency */,
			);
			name = SearchImageSwiftTests;
			productName = SearchImageSwiftTests;
			productReference = 221FAFDF2100DF7F0017205B /* SearchImageSwiftTests.xctest */;
			productType = "com.apple.product-type.bundle.unit-test";
		};
		221FAFE92100DF7F0017205B /* SearchImageSwiftUITests */ = {
			isa = PBXNativeTarget;
			buildConfigurationList = 221FAFF92100DF7F0017205B /* Build configuration list for PBXNativeTarget "SearchImageSwiftUITests" */;
			buildPhases = (
				221FAFE62100DF7F0017205B /* Sources */,
				221FAFE72100DF7F0017205B /* Frameworks */,
				221FAFE82100DF7F0017205B /* Resources */,
			);
			buildRules = (
			);
			dependencies = (
				221FAFEC2100DF7F0017205B /* PBXTargetDependency */,
			);
			name = SearchImageSwiftUITests;
			productName = SearchImageSwiftUITests;
			productReference = 221FAFEA2100DF7F0017205B /* SearchImageSwiftUITests.xctest */;
			productType = "com.apple.product-type.bundle.ui-testing";
		};
/* End PBXNativeTarget section */

/* Begin PBXProject section */
		221FAFC32100DF7F0017205B /* Project object */ = {
			isa = PBXProject;
			attributes = {
				LastSwiftUpdateCheck = 0920;
				LastUpgradeCheck = 0920;
				ORGANIZATIONNAME = jy;
				TargetAttributes = {
					221FAFCA2100DF7F0017205B = {
						CreatedOnToolsVersion = 9.2;
						ProvisioningStyle = Automatic;
					};
					221FAFDE2100DF7F0017205B = {
						CreatedOnToolsVersion = 9.2;
						ProvisioningStyle = Automatic;
						TestTargetID = 221FAFCA2100DF7F0017205B;
					};
					221FAFE92100DF7F0017205B = {
						CreatedOnToolsVersion = 9.2;
						ProvisioningStyle = Automatic;
						TestTargetID = 221FAFCA2100DF7F0017205B;
					};
				};
			};
			buildConfigurationList = 221FAFC62100DF7F0017205B /* Build configuration list for PBXProject "SearchImageSwift" */;
			compatibilityVersion = "Xcode 8.0";
			developmentRegion = en;
			hasScannedForEncodings = 0;
			knownRegions = (
				en,
				Base,
			);
			mainGroup = 221FAFC22100DF7F0017205B;
			productRefGroup = 221FAFCC2100DF7F0017205B /* Products */;
			projectDirPath = "";
			projectRoot = "";
			targets = (
				221FAFCA2100DF7F0017205B /* SearchImageSwift */,
				221FAFDE2100DF7F0017205B /* SearchImageSwiftTests */,
				221FAFE92100DF7F0017205B /* SearchImageSwiftUITests */,
			);
		};
/* End PBXProject section */

/* Begin PBXResourcesBuildPhase section */
		221FAFC92100DF7F0017205B /* Resources */ = {
			isa = PBXResourcesBuildPhase;
			buildActionMask = 2147483647;
			files = (
				221FAFD92100DF7F0017205B /* LaunchScreen.storyboard in Resources */,
				221FAFD62100DF7F0017205B /* Assets.xcassets in Resources */,
				221FAFD42100DF7F0017205B /* Main.storyboard in Resources */,
			);
			runOnlyForDeploymentPostprocessing = 0;
		};
		221FAFDD2100DF7F0017205B /* Resources */ = {
			isa = PBXResourcesBuildPhase;
			buildActionMask = 2147483647;
			files = (
			);
			runOnlyForDeploymentPostprocessing = 0;
		};
		221FAFE82100DF7F0017205B /* Resources */ = {
			isa = PBXResourcesBuildPhase;
			buildActionMask = 2147483647;
			files = (
			);
			runOnlyForDeploymentPostprocessing = 0;
		};
/* End PBXResourcesBuildPhase section */

/* Begin PBXSourcesBuildPhase section */
		221FAFC72100DF7F0017205B /* Sources */ = {
			isa = PBXSourcesBuildPhase;
			buildActionMask = 2147483647;
			files = (
				221FAFD12100DF7F0017205B /* ViewController.swift in Sources */,
				221FAFCF2100DF7F0017205B /* AppDelegate.swift in Sources */,
			);
			runOnlyForDeploymentPostprocessing = 0;
		};
		221FAFDB2100DF7F0017205B /* Sources */ = {
			isa = PBXSourcesBuildPhase;
			buildActionMask = 2147483647;
			files = (
				221FAFE42100DF7F0017205B /* SearchImageSwiftTests.swift in Sources */,
			);
			runOnlyForDeploymentPostprocessing = 0;
		};
		221FAFE62100DF7F0017205B /* Sources */ = {
			isa = PBXSourcesBuildPhase;
			buildActionMask = 2147483647;
			files = (
				221FAFEF2100DF7F0017205B /* SearchImageSwiftUITests.swift in Sources */,
			);
			runOnlyForDeploymentPostprocessing = 0;
		};
/* End PBXSourcesBuildPhase section */

/* Begin PBXTargetDependency section */
		221FAFE12100DF7F0017205B /* PBXTargetDependency */ = {
			isa = PBXTargetDependency;
			target = 221FAFCA2100DF7F0017205B /* SearchImageSwift */;
			targetProxy = 221FAFE02100DF7F0017205B /* PBXContainerItemProxy */;
		};
		221FAFEC2100DF7F0017205B /* PBXTargetDependency */ = {
			isa = PBXTargetDependency;
			target = 221FAFCA2100DF7F0017205B /* SearchImageSwift */;
			targetProxy = 221FAFEB2100DF7F0017205B /* PBXContainerItemProxy */;
		};
/* End PBXTargetDependency section */

/* Begin PBXVariantGroup section */
		221FAFD22100DF7F0017205B /* Main.storyboard */ = {
			isa = PBXVariantGroup;
			children = (
				221FAFD32100DF7F0017205B /* Base */,
			);
			name = Main.storyboard;
			sourceTree = "<group>";
		};
		221FAFD72100DF7F0017205B /* LaunchScreen.storyboard */ = {
			isa = PBXVariantGroup;
			children = (
				221FAFD82100DF7F0017205B /* Base */,
			);
			name = LaunchScreen.storyboard;
			sourceTree = "<group>";
		};
/* End PBXVariantGroup section */

/* Begin XCBuildConfiguration section */
		221FAFF12100DF7F0017205B /* Debug */ = {
			isa = XCBuildConfiguration;
			buildSettings = {
				ALWAYS_SEARCH_USER_PATHS = NO;
				CLANG_ANALYZER_NONNULL = YES;
				CLANG_ANALYZER_NUMBER_OBJECT_CONVERSION = YES_AGGRESSIVE;
				CLANG_CXX_LANGUAGE_STANDARD = "gnu++14";
				CLANG_CXX_LIBRARY = "libc++";
				CLANG_ENABLE_MODULES = YES;
				CLANG_ENABLE_OBJC_ARC = YES;
				CLANG_WARN_BLOCK_CAPTURE_AUTORELEASING = YES;
				CLANG_WARN_BOOL_CONVERSION = YES;
				CLANG_WARN_COMMA = YES;
				CLANG_WARN_CONSTANT_CONVERSION = YES;
				CLANG_WARN_DIRECT_OBJC_ISA_USAGE = YES_ERROR;
				CLANG_WARN_DOCUMENTATION_COMMENTS = YES;
				CLANG_WARN_EMPTY_BODY = YES;
				CLANG_WARN_ENUM_CONVERSION = YES;
				CLANG_WARN_INFINITE_RECURSION = YES;
				CLANG_WARN_INT_CONVERSION = YES;
				CLANG_WARN_NON_LITERAL_NULL_CONVERSION = YES;
				CLANG_WARN_OBJC_LITERAL_CONVERSION = YES;
				CLANG_WARN_OBJC_ROOT_CLASS = YES_ERROR;
				CLANG_WARN_RANGE_LOOP_ANALYSIS = YES;
				CLANG_WARN_STRICT_PROTOTYPES = YES;
				CLANG_WARN_SUSPICIOUS_MOVE = YES;
				CLANG_WARN_UNGUARDED_AVAILABILITY = YES_AGGRESSIVE;
				CLANG_WARN_UNREACHABLE_CODE = YES;
				CLANG_WARN__DUPLICATE_METHOD_MATCH = YES;
				CODE_SIGN_IDENTITY = "iPhone Developer";
				COPY_PHASE_STRIP = NO;
				DEBUG_INFORMATION_FORMAT = dwarf;
				ENABLE_STRICT_OBJC_MSGSEND = YES;
				ENABLE_TESTABILITY = YES;
				GCC_C_LANGUAGE_STANDARD = gnu11;
				GCC_DYNAMIC_NO_PIC = NO;
				GCC_NO_COMMON_BLOCKS = YES;
				GCC_OPTIMIZATION_LEVEL = 0;
				GCC_PREPROCESSOR_DEFINITIONS = (
					"DEBUG=1",
					"$(inherited)",
				);
				GCC_WARN_64_TO_32_BIT_CONVERSION = YES;
				GCC_WARN_ABOUT_RETURN_TYPE = YES_ERROR;
				GCC_WARN_UNDECLARED_SELECTOR = YES;
				GCC_WARN_UNINITIALIZED_AUTOS = YES_AGGRESSIVE;
				GCC_WARN_UNUSED_FUNCTION = YES;
				GCC_WARN_UNUSED_VARIABLE = YES;
				IPHONEOS_DEPLOYMENT_TARGET = 11.2;
				MTL_ENABLE_DEBUG_INFO = YES;
				ONLY_ACTIVE_ARCH = YES;
				SDKROOT = iphoneos;
				SWIFT_ACTIVE_COMPILATION_CONDITIONS = DEBUG;
				SWIFT_OPTIMIZATION_LEVEL = "-Onone";
			};
			name = Debug;
		};
		221FAFF22100DF7F0017205B /* Release */ = {
			isa = XCBuildConfiguration;
			buildSettings = {
				ALWAYS_SEARCH_USER_PATHS = NO;
				CLANG_ANALYZER_NONNULL = YES;
				CLANG_ANALYZER_NUMBER_OBJECT_CONVERSION = YES_AGGRESSIVE;
				CLANG_CXX_LANGUAGE_STANDARD = "gnu++14";
				CLANG_CXX_LIBRARY = "libc++";
				CLANG_ENABLE_MODULES = YES;
				CLANG_ENABLE_OBJC_ARC = YES;
				CLANG_WARN_BLOCK_CAPTURE_AUTORELEASING = YES;
				CLANG_WARN_BOOL_CONVERSION = YES;
				CLANG_WARN_COMMA = YES;
				CLANG_WARN_CONSTANT_CONVERSION = YES;
				CLANG_WARN_DIRECT_OBJC_ISA_USAGE = YES_ERROR;
				CLANG_WARN_DOCUMENTATION_COMMENTS = YES;
				CLANG_WARN_EMPTY_BODY = YES;
				CLANG_WARN_ENUM_CONVERSION = YES;
				CLANG_WARN_INFINITE_RECURSION = YES;
				CLANG_WARN_INT_CONVERSION = YES;
				CLANG_WARN_NON_LITERAL_NULL_CONVERSION = YES;
				CLANG_WARN_OBJC_LITERAL_CONVERSION = YES;
				CLANG_WARN_OBJC_ROOT_CLASS = YES_ERROR;
				CLANG_WARN_RANGE_LOOP_ANALYSIS = YES;
				CLANG_WARN_STRICT_PROTOTYPES = YES;
				CLANG_WARN_SUSPICIOUS_MOVE = YES;
				CLANG_WARN_UNGUARDED_AVAILABILITY = YES_AGGRESSIVE;
				CLANG_WARN_UNREACHABLE_CODE = YES;
				CLANG_WARN__DUPLICATE_METHOD_MATCH = YES;
				CODE_SIGN_IDENTITY = "iPhone Developer";
				COPY_PHASE_STRIP = NO;
				DEBUG_INFORMATION_FORMAT = "dwarf-with-dsym";
				ENABLE_NS_ASSERTIONS = NO;
				ENABLE_STRICT_OBJC_MSGSEND = YES;
				GCC_C_LANGUAGE_STANDARD = gnu11;
				GCC_NO_COMMON_BLOCKS = YES;
				GCC_WARN_64_TO_32_BIT_CONVERSION = YES;
				GCC_WARN_ABOUT_RETURN_TYPE = YES_ERROR;
				GCC_WARN_UNDECLARED_SELECTOR = YES;
				GCC_WARN_UNINITIALIZED_AUTOS = YES_AGGRESSIVE;
				GCC_WARN_UNUSED_FUNCTION = YES;
				GCC_WARN_UNUSED_VARIABLE = YES;
				IPHONEOS_DEPLOYMENT_TARGET = 11.2;
				MTL_ENABLE_DEBUG_INFO = NO;
				SDKROOT = iphoneos;
				SWIFT_OPTIMIZATION_LEVEL = "-Owholemodule";
				VALIDATE_PRODUCT = YES;
			};
			name = Release;
		};
		221FAFF42100DF7F0017205B /* Debug */ = {
			isa = XCBuildConfiguration;
			buildSettings = {
				ASSETCATALOG_COMPILER_APPICON_NAME = AppIcon;
				CODE_SIGN_STYLE = Automatic;
				DEVELOPMENT_TEAM = XBA9A26T6F;
				INFOPLIST_FILE = SearchImageSwift/Info.plist;
				LD_RUNPATH_SEARCH_PATHS = "$(inherited) @executable_path/Frameworks";
				PRODUCT_BUNDLE_IDENTIFIER = com.jy.SearchImageSwift;
				PRODUCT_NAME = "$(TARGET_NAME)";
				SWIFT_VERSION = 4.0;
				TARGETED_DEVICE_FAMILY = "1,2";
			};
			name = Debug;
		};
		221FAFF52100DF7F0017205B /* Release */ = {
			isa = XCBuildConfiguration;
			buildSettings = {
				ASSETCATALOG_COMPILER_APPICON_NAME = AppIcon;
				CODE_SIGN_STYLE = Automatic;
				DEVELOPMENT_TEAM = XBA9A26T6F;
				INFOPLIST_FILE = SearchImageSwift/Info.plist;
				LD_RUNPATH_SEARCH_PATHS = "$(inherited) @executable_path/Frameworks";
				PRODUCT_BUNDLE_IDENTIFIER = com.jy.SearchImageSwift;
				PRODUCT_NAME = "$(TARGET_NAME)";
				SWIFT_VERSION = 4.0;
				TARGETED_DEVICE_FAMILY = "1,2";
			};
			name = Release;
		};
		221FAFF72100DF7F0017205B /* Debug */ = {
			isa = XCBuildConfiguration;
			buildSettings = {
				ALWAYS_EMBED_SWIFT_STANDARD_LIBRARIES = YES;
				BUNDLE_LOADER = "$(TEST_HOST)";
				CODE_SIGN_STYLE = Automatic;
				DEVELOPMENT_TEAM = XBA9A26T6F;
				INFOPLIST_FILE = SearchImageSwiftTests/Info.plist;
				LD_RUNPATH_SEARCH_PATHS = "$(inherited) @executable_path/Frameworks @loader_path/Frameworks";
				PRODUCT_BUNDLE_IDENTIFIER = com.jy.SearchImageSwiftTests;
				PRODUCT_NAME = "$(TARGET_NAME)";
				SWIFT_VERSION = 4.0;
				TARGETED_DEVICE_FAMILY = "1,2";
				TEST_HOST = "$(BUILT_PRODUCTS_DIR)/SearchImageSwift.app/SearchImageSwift";
			};
			name = Debug;
		};
		221FAFF82100DF7F0017205B /* Release */ = {
			isa = XCBuildConfiguration;
			buildSettings = {
				ALWAYS_EMBED_SWIFT_STANDARD_LIBRARIES = YES;
				BUNDLE_LOADER = "$(TEST_HOST)";
				CODE_SIGN_STYLE = Automatic;
				DEVELOPMENT_TEAM = XBA9A26T6F;
				INFOPLIST_FILE = SearchImageSwiftTests/Info.plist;
				LD_RUNPATH_SEARCH_PATHS = "$(inherited) @executable_path/Frameworks @loader_path/Frameworks";
				PRODUCT_BUNDLE_IDENTIFIER = com.jy.SearchImageSwiftTests;
				PRODUCT_NAME = "$(TARGET_NAME)";
				SWIFT_VERSION = 4.0;
				TARGETED_DEVICE_FAMILY = "1,2";
				TEST_HOST = "$(BUILT_PRODUCTS_DIR)/SearchImageSwift.app/SearchImageSwift";
			};
			name = Release;
		};
		221FAFFA2100DF7F0017205B /* Debug */ = {
			isa = XCBuildConfiguration;
			buildSettings = {
				ALWAYS_EMBED_SWIFT_STANDARD_LIBRARIES = YES;
				CODE_SIGN_STYLE = Automatic;
				DEVELOPMENT_TEAM = XBA9A26T6F;
				INFOPLIST_FILE = SearchImageSwiftUITests/Info.plist;
				LD_RUNPATH_SEARCH_PATHS = "$(inherited) @executable_path/Frameworks @loader_path/Frameworks";
				PRODUCT_BUNDLE_IDENTIFIER = com.jy.SearchImageSwiftUITests;
				PRODUCT_NAME = "$(TARGET_NAME)";
				SWIFT_VERSION = 4.0;
				TARGETED_DEVICE_FAMILY = "1,2";
				TEST_TARGET_NAME = SearchImageSwift;
			};
			name = Debug;
		};
		221FAFFB2100DF7F0017205B /* Release */ = {
			isa = XCBuildConfiguration;
			buildSettings = {
				ALWAYS_EMBED_SWIFT_STANDARD_LIBRARIES = YES;
				CODE_SIGN_STYLE = Automatic;
				DEVELOPMENT_TEAM = XBA9A26T6F;
				INFOPLIST_FILE = SearchImageSwiftUITests/Info.plist;
				LD_RUNPATH_SEARCH_PATHS = "$(inherited) @executable_path/Frameworks @loader_path/Frameworks";
				PRODUCT_BUNDLE_IDENTIFIER = com.jy.SearchImageSwiftUITests;
				PRODUCT_NAME = "$(TARGET_NAME)";
				SWIFT_VERSION = 4.0;
				TARGETED_DEVICE_FAMILY = "1,2";
				TEST_TARGET_NAME = SearchImageSwift;
			};
			name = Release;
		};
/* End XCBuildConfiguration section */

/* Begin XCConfigurationList section */
		221FAFC62100DF7F0017205B /* Build configuration list for PBXProject "SearchImageSwift" */ = {
			isa = XCConfigurationList;
			buildConfigurations = (
				221FAFF12100DF7F0017205B /* Debug */,
				221FAFF22100DF7F0017205B /* Release */,
			);
			defaultConfigurationIsVisible = 0;
			defaultConfigurationName = Release;
		};
		221FAFF32100DF7F0017205B /* Build configuration list for PBXNativeTarget "SearchImageSwift" */ = {
			isa = XCConfigurationList;
			buildConfigurations = (
				221FAFF42100DF7F0017205B /* Debug */,
				221FAFF52100DF7F0017205B /* Release */,
			);
			defaultConfigurationIsVisible = 0;
			defaultConfigurationName = Release;
		};
		221FAFF62100DF7F0017205B /* Build configuration list for PBXNativeTarget "SearchImageSwiftTests" */ = {
			isa = XCConfigurationList;
			buildConfigurations = (
				221FAFF72100DF7F0017205B /* Debug */,
				221FAFF82100DF7F0017205B /* Release */,
			);
			defaultConfigurationIsVisible = 0;
			defaultConfigurationName = Release;
		};
		221FAFF92100DF7F0017205B /* Build configuration list for PBXNativeTarget "SearchImageSwiftUITests" */ = {
			isa = XCConfigurationList;
			buildConfigurations = (
				221FAFFA2100DF7F0017205B /* Debug */,
				221FAFFB2100DF7F0017205B /* Release */,
			);
			defaultConfigurationIsVisible = 0;
			defaultConfigurationName = Release;
		};
/* End XCConfigurationList section */
	};
	rootObject = 221FAFC32100DF7F0017205B /* Project object */;
}
